// !$*UTF8*$!
{
	archiveVersion = 1;
	classes = {
	};
	objectVersion = 77;
	objects = {

/* Begin PBXBuildFile section */
		8B771ADE2CEC48E2002F0E31 /* ReliaBLE in Frameworks */ = {isa = PBXBuildFile; productRef = 8B771ADD2CEC48E2002F0E31 /* ReliaBLE */; };
		8BE1BEC92CF39B83002FC492 /* ReliaBLE in Frameworks */ = {isa = PBXBuildFile; productRef = 8B771AC52CEC3CC6002F0E31 /* ReliaBLE */; };
/* End PBXBuildFile section */

/* Begin PBXContainerItemProxy section */
		8B771AA82CEC3B9C002F0E31 /* PBXContainerItemProxy */ = {
			isa = PBXContainerItemProxy;
			containerPortal = 8B771A8C2CEC3B9A002F0E31 /* Project object */;
			proxyType = 1;
			remoteGlobalIDString = 8B771A932CEC3B9A002F0E31;
			remoteInfo = "ReliaBLE Demo";
		};
		8B771AB22CEC3B9C002F0E31 /* PBXContainerItemProxy */ = {
			isa = PBXContainerItemProxy;
			containerPortal = 8B771A8C2CEC3B9A002F0E31 /* Project object */;
			proxyType = 1;
			remoteGlobalIDString = 8B771A932CEC3B9A002F0E31;
			remoteInfo = "ReliaBLE Demo";
		};
/* End PBXContainerItemProxy section */

/* Begin PBXFileReference section */
		8B771A942CEC3B9A002F0E31 /* ReliaBLE Demo.app */ = {isa = PBXFileReference; explicitFileType = wrapper.application; includeInIndex = 0; path = "ReliaBLE Demo.app"; sourceTree = BUILT_PRODUCTS_DIR; };
		8B771AA72CEC3B9C002F0E31 /* ReliaBLE DemoTests.xctest */ = {isa = PBXFileReference; explicitFileType = wrapper.cfbundle; includeInIndex = 0; path = "ReliaBLE DemoTests.xctest"; sourceTree = BUILT_PRODUCTS_DIR; };
		8B771AB12CEC3B9C002F0E31 /* ReliaBLE DemoUITests.xctest */ = {isa = PBXFileReference; explicitFileType = wrapper.cfbundle; includeInIndex = 0; path = "ReliaBLE DemoUITests.xctest"; sourceTree = BUILT_PRODUCTS_DIR; };
/* End PBXFileReference section */

/* Begin PBXFileSystemSynchronizedBuildFileExceptionSet section */
		8B8B1A4A2D3B099B008FC3BE /* Exceptions for "ReliaBLE Demo" folder in "ReliaBLE Demo" target */ = {
			isa = PBXFileSystemSynchronizedBuildFileExceptionSet;
			membershipExceptions = (
				"ReliaBLE-Demo-Info.plist",
			);
			target = 8B771A932CEC3B9A002F0E31 /* ReliaBLE Demo */;
		};
/* End PBXFileSystemSynchronizedBuildFileExceptionSet section */

/* Begin PBXFileSystemSynchronizedRootGroup section */
		8B771A962CEC3B9A002F0E31 /* ReliaBLE Demo */ = {
			isa = PBXFileSystemSynchronizedRootGroup;
			exceptions = (
				8B8B1A4A2D3B099B008FC3BE /* Exceptions for "ReliaBLE Demo" folder in "ReliaBLE Demo" target */,
			);
			path = "ReliaBLE Demo";
			sourceTree = "<group>";
		};
		8B771AAA2CEC3B9C002F0E31 /* ReliaBLE DemoTests */ = {
			isa = PBXFileSystemSynchronizedRootGroup;
			path = "ReliaBLE DemoTests";
			sourceTree = "<group>";
		};
		8B771AB42CEC3B9C002F0E31 /* ReliaBLE DemoUITests */ = {
			isa = PBXFileSystemSynchronizedRootGroup;
			path = "ReliaBLE DemoUITests";
			sourceTree = "<group>";
		};
/* End PBXFileSystemSynchronizedRootGroup section */

/* Begin PBXFrameworksBuildPhase section */
		8B771A912CEC3B9A002F0E31 /* Frameworks */ = {
			isa = PBXFrameworksBuildPhase;
			buildActionMask = 2147483647;
			files = (
				8BE1BEC92CF39B83002FC492 /* ReliaBLE in Frameworks */,
				8B771ADE2CEC48E2002F0E31 /* ReliaBLE in Frameworks */,
			);
			runOnlyForDeploymentPostprocessing = 0;
		};
		8B771AA42CEC3B9C002F0E31 /* Frameworks */ = {
			isa = PBXFrameworksBuildPhase;
			buildActionMask = 2147483647;
			files = (
			);
			runOnlyForDeploymentPostprocessing = 0;
		};
		8B771AAE2CEC3B9C002F0E31 /* Frameworks */ = {
			isa = PBXFrameworksBuildPhase;
			buildActionMask = 2147483647;
			files = (
			);
			runOnlyForDeploymentPostprocessing = 0;
		};
/* End PBXFrameworksBuildPhase section */

/* Begin PBXGroup section */
		8B771A8B2CEC3B9A002F0E31 = {
			isa = PBXGroup;
			children = (
				8B771A962CEC3B9A002F0E31 /* ReliaBLE Demo */,
				8B771AAA2CEC3B9C002F0E31 /* ReliaBLE DemoTests */,
				8B771AB42CEC3B9C002F0E31 /* ReliaBLE DemoUITests */,
				8B771A952CEC3B9A002F0E31 /* Products */,
			);
			sourceTree = "<group>";
		};
		8B771A952CEC3B9A002F0E31 /* Products */ = {
			isa = PBXGroup;
			children = (
				8B771A942CEC3B9A002F0E31 /* ReliaBLE Demo.app */,
				8B771AA72CEC3B9C002F0E31 /* ReliaBLE DemoTests.xctest */,
				8B771AB12CEC3B9C002F0E31 /* ReliaBLE DemoUITests.xctest */,
			);
			name = Products;
			sourceTree = "<group>";
		};
/* End PBXGroup section */

/* Begin PBXNativeTarget section */
		8B771A932CEC3B9A002F0E31 /* ReliaBLE Demo */ = {
			isa = PBXNativeTarget;
			buildConfigurationList = 8B771ABB2CEC3B9C002F0E31 /* Build configuration list for PBXNativeTarget "ReliaBLE Demo" */;
			buildPhases = (
				8B771A902CEC3B9A002F0E31 /* Sources */,
				8B771A912CEC3B9A002F0E31 /* Frameworks */,
				8B771A922CEC3B9A002F0E31 /* Resources */,
			);
			buildRules = (
			);
			dependencies = (
			);
			fileSystemSynchronizedGroups = (
				8B771A962CEC3B9A002F0E31 /* ReliaBLE Demo */,
			);
			name = "ReliaBLE Demo";
			packageProductDependencies = (
				8B771AC52CEC3CC6002F0E31 /* ReliaBLE */,
				8B771ADD2CEC48E2002F0E31 /* ReliaBLE */,
			);
			productName = "ReliaBLE Demo";
			productReference = 8B771A942CEC3B9A002F0E31 /* ReliaBLE Demo.app */;
			productType = "com.apple.product-type.application";
		};
		8B771AA62CEC3B9C002F0E31 /* ReliaBLE DemoTests */ = {
			isa = PBXNativeTarget;
			buildConfigurationList = 8B771ABE2CEC3B9C002F0E31 /* Build configuration list for PBXNativeTarget "ReliaBLE DemoTests" */;
			buildPhases = (
				8B771AA32CEC3B9C002F0E31 /* Sources */,
				8B771AA42CEC3B9C002F0E31 /* Frameworks */,
				8B771AA52CEC3B9C002F0E31 /* Resources */,
			);
			buildRules = (
			);
			dependencies = (
				8B771AA92CEC3B9C002F0E31 /* PBXTargetDependency */,
			);
			fileSystemSynchronizedGroups = (
				8B771AAA2CEC3B9C002F0E31 /* ReliaBLE DemoTests */,
			);
			name = "ReliaBLE DemoTests";
			packageProductDependencies = (
			);
			productName = "ReliaBLE DemoTests";
			productReference = 8B771AA72CEC3B9C002F0E31 /* ReliaBLE DemoTests.xctest */;
			productType = "com.apple.product-type.bundle.unit-test";
		};
		8B771AB02CEC3B9C002F0E31 /* ReliaBLE DemoUITests */ = {
			isa = PBXNativeTarget;
			buildConfigurationList = 8B771AC12CEC3B9C002F0E31 /* Build configuration list for PBXNativeTarget "ReliaBLE DemoUITests" */;
			buildPhases = (
				8B771AAD2CEC3B9C002F0E31 /* Sources */,
				8B771AAE2CEC3B9C002F0E31 /* Frameworks */,
				8B771AAF2CEC3B9C002F0E31 /* Resources */,
			);
			buildRules = (
			);
			dependencies = (
				8B771AB32CEC3B9C002F0E31 /* PBXTargetDependency */,
			);
			fileSystemSynchronizedGroups = (
				8B771AB42CEC3B9C002F0E31 /* ReliaBLE DemoUITests */,
			);
			name = "ReliaBLE DemoUITests";
			packageProductDependencies = (
			);
			productName = "ReliaBLE DemoUITests";
			productReference = 8B771AB12CEC3B9C002F0E31 /* ReliaBLE DemoUITests.xctest */;
			productType = "com.apple.product-type.bundle.ui-testing";
		};
/* End PBXNativeTarget section */

/* Begin PBXProject section */
		8B771A8C2CEC3B9A002F0E31 /* Project object */ = {
			isa = PBXProject;
			attributes = {
				BuildIndependentTargetsInParallel = 1;
				LastSwiftUpdateCheck = 1610;
				LastUpgradeCheck = 1610;
				TargetAttributes = {
					8B771A932CEC3B9A002F0E31 = {
						CreatedOnToolsVersion = 16.1;
					};
					8B771AA62CEC3B9C002F0E31 = {
						CreatedOnToolsVersion = 16.1;
						TestTargetID = 8B771A932CEC3B9A002F0E31;
					};
					8B771AB02CEC3B9C002F0E31 = {
						CreatedOnToolsVersion = 16.1;
						TestTargetID = 8B771A932CEC3B9A002F0E31;
					};
				};
			};
			buildConfigurationList = 8B771A8F2CEC3B9A002F0E31 /* Build configuration list for PBXProject "ReliaBLE Demo" */;
			developmentRegion = en;
			hasScannedForEncodings = 0;
			knownRegions = (
				en,
				Base,
			);
			mainGroup = 8B771A8B2CEC3B9A002F0E31;
			minimizedProjectReferenceProxies = 1;
			packageReferences = (
			);
			preferredProjectObjectVersion = 77;
			productRefGroup = 8B771A952CEC3B9A002F0E31 /* Products */;
			projectDirPath = "";
			projectRoot = "";
			targets = (
				8B771A932CEC3B9A002F0E31 /* ReliaBLE Demo */,
				8B771AA62CEC3B9C002F0E31 /* ReliaBLE DemoTests */,
				8B771AB02CEC3B9C002F0E31 /* ReliaBLE DemoUITests */,
			);
		};
/* End PBXProject section */

/* Begin PBXResourcesBuildPhase section */
		8B771A922CEC3B9A002F0E31 /* Resources */ = {
			isa = PBXResourcesBuildPhase;
			buildActionMask = 2147483647;
			files = (
			);
			runOnlyForDeploymentPostprocessing = 0;
		};
		8B771AA52CEC3B9C002F0E31 /* Resources */ = {
			isa = PBXResourcesBuildPhase;
			buildActionMask = 2147483647;
			files = (
			);
			runOnlyForDeploymentPostprocessing = 0;
		};
		8B771AAF2CEC3B9C002F0E31 /* Resources */ = {
			isa = PBXResourcesBuildPhase;
			buildActionMask = 2147483647;
			files = (
			);
			runOnlyForDeploymentPostprocessing = 0;
		};
/* End PBXResourcesBuildPhase section */

/* Begin PBXSourcesBuildPhase section */
		8B771A902CEC3B9A002F0E31 /* Sources */ = {
			isa = PBXSourcesBuildPhase;
			buildActionMask = 2147483647;
			files = (
			);
			runOnlyForDeploymentPostprocessing = 0;
		};
		8B771AA32CEC3B9C002F0E31 /* Sources */ = {
			isa = PBXSourcesBuildPhase;
			buildActionMask = 2147483647;
			files = (
			);
			runOnlyForDeploymentPostprocessing = 0;
		};
		8B771AAD2CEC3B9C002F0E31 /* Sources */ = {
			isa = PBXSourcesBuildPhase;
			buildActionMask = 2147483647;
			files = (
			);
			runOnlyForDeploymentPostprocessing = 0;
		};
/* End PBXSourcesBuildPhase section */

/* Begin PBXTargetDependency section */
		8B771AA92CEC3B9C002F0E31 /* PBXTargetDependency */ = {
			isa = PBXTargetDependency;
			target = 8B771A932CEC3B9A002F0E31 /* ReliaBLE Demo */;
			targetProxy = 8B771AA82CEC3B9C002F0E31 /* PBXContainerItemProxy */;
		};
		8B771AB32CEC3B9C002F0E31 /* PBXTargetDependency */ = {
			isa = PBXTargetDependency;
			target = 8B771A932CEC3B9A002F0E31 /* ReliaBLE Demo */;
			targetProxy = 8B771AB22CEC3B9C002F0E31 /* PBXContainerItemProxy */;
		};
/* End PBXTargetDependency section */

/* Begin XCBuildConfiguration section */
		8B771AB92CEC3B9C002F0E31 /* Debug */ = {
			isa = XCBuildConfiguration;
			buildSettings = {
				ALWAYS_SEARCH_USER_PATHS = NO;
				ASSETCATALOG_COMPILER_GENERATE_SWIFT_ASSET_SYMBOL_EXTENSIONS = YES;
				CLANG_ANALYZER_NONNULL = YES;
				CLANG_ANALYZER_NUMBER_OBJECT_CONVERSION = YES_AGGRESSIVE;
				CLANG_CXX_LANGUAGE_STANDARD = "gnu++20";
				CLANG_ENABLE_MODULES = YES;
				CLANG_ENABLE_OBJC_ARC = YES;
				CLANG_ENABLE_OBJC_WEAK = YES;
				CLANG_WARN_BLOCK_CAPTURE_AUTORELEASING = YES;
				CLANG_WARN_BOOL_CONVERSION = YES;
				CLANG_WARN_COMMA = YES;
				CLANG_WARN_CONSTANT_CONVERSION = YES;
				CLANG_WARN_DEPRECATED_OBJC_IMPLEMENTATIONS = YES;
				CLANG_WARN_DIRECT_OBJC_ISA_USAGE = YES_ERROR;
				CLANG_WARN_DOCUMENTATION_COMMENTS = YES;
				CLANG_WARN_EMPTY_BODY = YES;
				CLANG_WARN_ENUM_CONVERSION = YES;
				CLANG_WARN_INFINITE_RECURSION = YES;
				CLANG_WARN_INT_CONVERSION = YES;
				CLANG_WARN_NON_LITERAL_NULL_CONVERSION = YES;
				CLANG_WARN_OBJC_IMPLICIT_RETAIN_SELF = YES;
				CLANG_WARN_OBJC_LITERAL_CONVERSION = YES;
				CLANG_WARN_OBJC_ROOT_CLASS = YES_ERROR;
				CLANG_WARN_QUOTED_INCLUDE_IN_FRAMEWORK_HEADER = YES;
				CLANG_WARN_RANGE_LOOP_ANALYSIS = YES;
				CLANG_WARN_STRICT_PROTOTYPES = YES;
				CLANG_WARN_SUSPICIOUS_MOVE = YES;
				CLANG_WARN_UNGUARDED_AVAILABILITY = YES_AGGRESSIVE;
				CLANG_WARN_UNREACHABLE_CODE = YES;
				CLANG_WARN__DUPLICATE_METHOD_MATCH = YES;
				COPY_PHASE_STRIP = NO;
				DEBUG_INFORMATION_FORMAT = dwarf;
				ENABLE_STRICT_OBJC_MSGSEND = YES;
				ENABLE_TESTABILITY = YES;
				ENABLE_USER_SCRIPT_SANDBOXING = YES;
				GCC_C_LANGUAGE_STANDARD = gnu17;
				GCC_DYNAMIC_NO_PIC = NO;
				GCC_NO_COMMON_BLOCKS = YES;
				GCC_OPTIMIZATION_LEVEL = 0;
				GCC_PREPROCESSOR_DEFINITIONS = (
					"DEBUG=1",
					"$(inherited)",
				);
				GCC_WARN_64_TO_32_BIT_CONVERSION = YES;
				GCC_WARN_ABOUT_RETURN_TYPE = YES_ERROR;
				GCC_WARN_UNDECLARED_SELECTOR = YES;
				GCC_WARN_UNINITIALIZED_AUTOS = YES_AGGRESSIVE;
				GCC_WARN_UNUSED_FUNCTION = YES;
				GCC_WARN_UNUSED_VARIABLE = YES;
				LOCALIZATION_PREFERS_STRING_CATALOGS = YES;
				MTL_ENABLE_DEBUG_INFO = INCLUDE_SOURCE;
				MTL_FAST_MATH = YES;
				ONLY_ACTIVE_ARCH = YES;
				SWIFT_ACTIVE_COMPILATION_CONDITIONS = "DEBUG $(inherited)";
				SWIFT_OPTIMIZATION_LEVEL = "-Onone";
			};
			name = Debug;
		};
		8B771ABA2CEC3B9C002F0E31 /* Release */ = {
			isa = XCBuildConfiguration;
			buildSettings = {
				ALWAYS_SEARCH_USER_PATHS = NO;
				ASSETCATALOG_COMPILER_GENERATE_SWIFT_ASSET_SYMBOL_EXTENSIONS = YES;
				CLANG_ANALYZER_NONNULL = YES;
				CLANG_ANALYZER_NUMBER_OBJECT_CONVERSION = YES_AGGRESSIVE;
				CLANG_CXX_LANGUAGE_STANDARD = "gnu++20";
				CLANG_ENABLE_MODULES = YES;
				CLANG_ENABLE_OBJC_ARC = YES;
				CLANG_ENABLE_OBJC_WEAK = YES;
				CLANG_WARN_BLOCK_CAPTURE_AUTORELEASING = YES;
				CLANG_WARN_BOOL_CONVERSION = YES;
				CLANG_WARN_COMMA = YES;
				CLANG_WARN_CONSTANT_CONVERSION = YES;
				CLANG_WARN_DEPRECATED_OBJC_IMPLEMENTATIONS = YES;
				CLANG_WARN_DIRECT_OBJC_ISA_USAGE = YES_ERROR;
				CLANG_WARN_DOCUMENTATION_COMMENTS = YES;
				CLANG_WARN_EMPTY_BODY = YES;
				CLANG_WARN_ENUM_CONVERSION = YES;
				CLANG_WARN_INFINITE_RECURSION = YES;
				CLANG_WARN_INT_CONVERSION = YES;
				CLANG_WARN_NON_LITERAL_NULL_CONVERSION = YES;
				CLANG_WARN_OBJC_IMPLICIT_RETAIN_SELF = YES;
				CLANG_WARN_OBJC_LITERAL_CONVERSION = YES;
				CLANG_WARN_OBJC_ROOT_CLASS = YES_ERROR;
				CLANG_WARN_QUOTED_INCLUDE_IN_FRAMEWORK_HEADER = YES;
				CLANG_WARN_RANGE_LOOP_ANALYSIS = YES;
				CLANG_WARN_STRICT_PROTOTYPES = YES;
				CLANG_WARN_SUSPICIOUS_MOVE = YES;
				CLANG_WARN_UNGUARDED_AVAILABILITY = YES_AGGRESSIVE;
				CLANG_WARN_UNREACHABLE_CODE = YES;
				CLANG_WARN__DUPLICATE_METHOD_MATCH = YES;
				COPY_PHASE_STRIP = NO;
				DEBUG_INFORMATION_FORMAT = "dwarf-with-dsym";
				ENABLE_NS_ASSERTIONS = NO;
				ENABLE_STRICT_OBJC_MSGSEND = YES;
				ENABLE_USER_SCRIPT_SANDBOXING = YES;
				GCC_C_LANGUAGE_STANDARD = gnu17;
				GCC_NO_COMMON_BLOCKS = YES;
				GCC_WARN_64_TO_32_BIT_CONVERSION = YES;
				GCC_WARN_ABOUT_RETURN_TYPE = YES_ERROR;
				GCC_WARN_UNDECLARED_SELECTOR = YES;
				GCC_WARN_UNINITIALIZED_AUTOS = YES_AGGRESSIVE;
				GCC_WARN_UNUSED_FUNCTION = YES;
				GCC_WARN_UNUSED_VARIABLE = YES;
				LOCALIZATION_PREFERS_STRING_CATALOGS = YES;
				MTL_ENABLE_DEBUG_INFO = NO;
				MTL_FAST_MATH = YES;
				SWIFT_COMPILATION_MODE = wholemodule;
			};
			name = Release;
		};
		8B771ABC2CEC3B9C002F0E31 /* Debug */ = {
			isa = XCBuildConfiguration;
			buildSettings = {
				ASSETCATALOG_COMPILER_APPICON_NAME = AppIcon;
				ASSETCATALOG_COMPILER_GLOBAL_ACCENT_COLOR_NAME = AccentColor;
				CODE_SIGN_ENTITLEMENTS = "ReliaBLE Demo/ReliaBLE_Demo.entitlements";
				CODE_SIGN_STYLE = Automatic;
				CURRENT_PROJECT_VERSION = 1;
				DEVELOPMENT_ASSET_PATHS = "\"ReliaBLE Demo/Preview Content\"";
				DEVELOPMENT_TEAM = AU92CYH9BP;
				ENABLE_HARDENED_RUNTIME = YES;
				ENABLE_PREVIEWS = YES;
				GENERATE_INFOPLIST_FILE = YES;
				INFOPLIST_FILE = "ReliaBLE-Demo-Info.plist";
				INFOPLIST_KEY_CFBundleDisplayName = ReliaBLE;
				INFOPLIST_KEY_LSApplicationCategoryType = "public.app-category.developer-tools";
				INFOPLIST_KEY_NSBluetoothAlwaysUsageDescription = "Demo ReliaBLE capabilities";
				"INFOPLIST_KEY_UIApplicationSceneManifest_Generation[sdk=iphoneos*]" = YES;
				"INFOPLIST_KEY_UIApplicationSceneManifest_Generation[sdk=iphonesimulator*]" = YES;
				"INFOPLIST_KEY_UIApplicationSupportsIndirectInputEvents[sdk=iphoneos*]" = YES;
				"INFOPLIST_KEY_UIApplicationSupportsIndirectInputEvents[sdk=iphonesimulator*]" = YES;
				"INFOPLIST_KEY_UILaunchScreen_Generation[sdk=iphoneos*]" = YES;
				"INFOPLIST_KEY_UILaunchScreen_Generation[sdk=iphonesimulator*]" = YES;
				"INFOPLIST_KEY_UIStatusBarStyle[sdk=iphoneos*]" = UIStatusBarStyleDefault;
				"INFOPLIST_KEY_UIStatusBarStyle[sdk=iphonesimulator*]" = UIStatusBarStyleDefault;
				INFOPLIST_KEY_UISupportedInterfaceOrientations_iPad = "UIInterfaceOrientationPortrait UIInterfaceOrientationPortraitUpsideDown UIInterfaceOrientationLandscapeLeft UIInterfaceOrientationLandscapeRight";
				INFOPLIST_KEY_UISupportedInterfaceOrientations_iPhone = "UIInterfaceOrientationPortrait UIInterfaceOrientationLandscapeLeft UIInterfaceOrientationLandscapeRight";
				IPHONEOS_DEPLOYMENT_TARGET = 17.6;
				LD_RUNPATH_SEARCH_PATHS = "@executable_path/Frameworks";
				"LD_RUNPATH_SEARCH_PATHS[sdk=macosx*]" = "@executable_path/../Frameworks";
				MACOSX_DEPLOYMENT_TARGET = 14.0;
				MARKETING_VERSION = 1.0;
				PRODUCT_BUNDLE_IDENTIFIER = "com.five3apps.ReliaBLE-Demo";
				PRODUCT_NAME = "$(TARGET_NAME)";
				SDKROOT = auto;
				SUPPORTED_PLATFORMS = "iphoneos iphonesimulator macosx";
				SUPPORTS_MACCATALYST = NO;
				SWIFT_EMIT_LOC_STRINGS = YES;
				SWIFT_VERSION = 5.0;
				TARGETED_DEVICE_FAMILY = "1,2";
				XROS_DEPLOYMENT_TARGET = 2.1;
			};
			name = Debug;
		};
		8B771ABD2CEC3B9C002F0E31 /* Release */ = {
			isa = XCBuildConfiguration;
			buildSettings = {
				ASSETCATALOG_COMPILER_APPICON_NAME = AppIcon;
				ASSETCATALOG_COMPILER_GLOBAL_ACCENT_COLOR_NAME = AccentColor;
				CODE_SIGN_ENTITLEMENTS = "ReliaBLE Demo/ReliaBLE_Demo.entitlements";
				CODE_SIGN_STYLE = Automatic;
				CURRENT_PROJECT_VERSION = 1;
				DEVELOPMENT_ASSET_PATHS = "\"ReliaBLE Demo/Preview Content\"";
				DEVELOPMENT_TEAM = AU92CYH9BP;
				ENABLE_HARDENED_RUNTIME = YES;
				ENABLE_PREVIEWS = YES;
				GENERATE_INFOPLIST_FILE = YES;
				INFOPLIST_FILE = "ReliaBLE-Demo-Info.plist";
				INFOPLIST_KEY_CFBundleDisplayName = ReliaBLE;
				INFOPLIST_KEY_LSApplicationCategoryType = "public.app-category.developer-tools";
				INFOPLIST_KEY_NSBluetoothAlwaysUsageDescription = "Demo ReliaBLE capabilities";
				"INFOPLIST_KEY_UIApplicationSceneManifest_Generation[sdk=iphoneos*]" = YES;
				"INFOPLIST_KEY_UIApplicationSceneManifest_Generation[sdk=iphonesimulator*]" = YES;
				"INFOPLIST_KEY_UIApplicationSupportsIndirectInputEvents[sdk=iphoneos*]" = YES;
				"INFOPLIST_KEY_UIApplicationSupportsIndirectInputEvents[sdk=iphonesimulator*]" = YES;
				"INFOPLIST_KEY_UILaunchScreen_Generation[sdk=iphoneos*]" = YES;
				"INFOPLIST_KEY_UILaunchScreen_Generation[sdk=iphonesimulator*]" = YES;
				"INFOPLIST_KEY_UIStatusBarStyle[sdk=iphoneos*]" = UIStatusBarStyleDefault;
				"INFOPLIST_KEY_UIStatusBarStyle[sdk=iphonesimulator*]" = UIStatusBarStyleDefault;
				INFOPLIST_KEY_UISupportedInterfaceOrientations_iPad = "UIInterfaceOrientationPortrait UIInterfaceOrientationPortraitUpsideDown UIInterfaceOrientationLandscapeLeft UIInterfaceOrientationLandscapeRight";
				INFOPLIST_KEY_UISupportedInterfaceOrientations_iPhone = "UIInterfaceOrientationPortrait UIInterfaceOrientationLandscapeLeft UIInterfaceOrientationLandscapeRight";
				IPHONEOS_DEPLOYMENT_TARGET = 17.6;
				LD_RUNPATH_SEARCH_PATHS = "@executable_path/Frameworks";
				"LD_RUNPATH_SEARCH_PATHS[sdk=macosx*]" = "@executable_path/../Frameworks";
				MACOSX_DEPLOYMENT_TARGET = 14.0;
				MARKETING_VERSION = 1.0;
				PRODUCT_BUNDLE_IDENTIFIER = "com.five3apps.ReliaBLE-Demo";
				PRODUCT_NAME = "$(TARGET_NAME)";
				SDKROOT = auto;
				SUPPORTED_PLATFORMS = "iphoneos iphonesimulator macosx";
				SUPPORTS_MACCATALYST = NO;
				SWIFT_EMIT_LOC_STRINGS = YES;
				SWIFT_VERSION = 5.0;
				TARGETED_DEVICE_FAMILY = "1,2";
				XROS_DEPLOYMENT_TARGET = 2.1;
			};
			name = Release;
		};
		8B771ABF2CEC3B9C002F0E31 /* Debug */ = {
			isa = XCBuildConfiguration;
			buildSettings = {
				BUNDLE_LOADER = "$(TEST_HOST)";
				CODE_SIGN_STYLE = Automatic;
				CURRENT_PROJECT_VERSION = 1;
				DEVELOPMENT_TEAM = AU92CYH9BP;
				GENERATE_INFOPLIST_FILE = YES;
				IPHONEOS_DEPLOYMENT_TARGET = 18.1;
				MACOSX_DEPLOYMENT_TARGET = 15.1;
				MARKETING_VERSION = 1.0;
				PRODUCT_BUNDLE_IDENTIFIER = "com.five3apps.ReliaBLE-DemoTests";
				PRODUCT_NAME = "$(TARGET_NAME)";
				SDKROOT = auto;
				SUPPORTED_PLATFORMS = "iphoneos iphonesimulator macosx xros xrsimulator";
				SWIFT_EMIT_LOC_STRINGS = NO;
				SWIFT_VERSION = 5.0;
				TARGETED_DEVICE_FAMILY = "1,2,7";
				TEST_HOST = "$(BUILT_PRODUCTS_DIR)/ReliaBLE Demo.app/$(BUNDLE_EXECUTABLE_FOLDER_PATH)/ReliaBLE Demo";
				XROS_DEPLOYMENT_TARGET = 2.1;
			};
			name = Debug;
		};
		8B771AC02CEC3B9C002F0E31 /* Release */ = {
			isa = XCBuildConfiguration;
			buildSettings = {
				BUNDLE_LOADER = "$(TEST_HOST)";
				CODE_SIGN_STYLE = Automatic;
				CURRENT_PROJECT_VERSION = 1;
				DEVELOPMENT_TEAM = AU92CYH9BP;
				GENERATE_INFOPLIST_FILE = YES;
				IPHONEOS_DEPLOYMENT_TARGET = 18.1;
				MACOSX_DEPLOYMENT_TARGET = 15.1;
				MARKETING_VERSION = 1.0;
				PRODUCT_BUNDLE_IDENTIFIER = "com.five3apps.ReliaBLE-DemoTests";
				PRODUCT_NAME = "$(TARGET_NAME)";
				SDKROOT = auto;
				SUPPORTED_PLATFORMS = "iphoneos iphonesimulator macosx xros xrsimulator";
				SWIFT_EMIT_LOC_STRINGS = NO;
				SWIFT_VERSION = 5.0;
				TARGETED_DEVICE_FAMILY = "1,2,7";
				TEST_HOST = "$(BUILT_PRODUCTS_DIR)/ReliaBLE Demo.app/$(BUNDLE_EXECUTABLE_FOLDER_PATH)/ReliaBLE Demo";
				XROS_DEPLOYMENT_TARGET = 2.1;
			};
			name = Release;
		};
		8B771AC22CEC3B9C002F0E31 /* Debug */ = {
			isa = XCBuildConfiguration;
			buildSettings = {
				CODE_SIGN_STYLE = Automatic;
				CURRENT_PROJECT_VERSION = 1;
				DEVELOPMENT_TEAM = AU92CYH9BP;
				GENERATE_INFOPLIST_FILE = YES;
				IPHONEOS_DEPLOYMENT_TARGET = 18.1;
				MACOSX_DEPLOYMENT_TARGET = 15.1;
				MARKETING_VERSION = 1.0;
				PRODUCT_BUNDLE_IDENTIFIER = "com.five3apps.ReliaBLE-DemoUITests";
				PRODUCT_NAME = "$(TARGET_NAME)";
				SDKROOT = auto;
				SUPPORTED_PLATFORMS = "iphoneos iphonesimulator macosx xros xrsimulator";
				SWIFT_EMIT_LOC_STRINGS = NO;
				SWIFT_VERSION = 5.0;
				TARGETED_DEVICE_FAMILY = "1,2,7";
				TEST_TARGET_NAME = "ReliaBLE Demo";
				XROS_DEPLOYMENT_TARGET = 2.1;
			};
			name = Debug;
		};
		8B771AC32CEC3B9C002F0E31 /* Release */ = {
			isa = XCBuildConfiguration;
			buildSettings = {
				CODE_SIGN_STYLE = Automatic;
				CURRENT_PROJECT_VERSION = 1;
				DEVELOPMENT_TEAM = AU92CYH9BP;
				GENERATE_INFOPLIST_FILE = YES;
				IPHONEOS_DEPLOYMENT_TARGET = 18.1;
				MACOSX_DEPLOYMENT_TARGET = 15.1;
				MARKETING_VERSION = 1.0;
				PRODUCT_BUNDLE_IDENTIFIER = "com.five3apps.ReliaBLE-DemoUITests";
				PRODUCT_NAME = "$(TARGET_NAME)";
				SDKROOT = auto;
				SUPPORTED_PLATFORMS = "iphoneos iphonesimulator macosx xros xrsimulator";
				SWIFT_EMIT_LOC_STRINGS = NO;
				SWIFT_VERSION = 5.0;
				TARGETED_DEVICE_FAMILY = "1,2,7";
				TEST_TARGET_NAME = "ReliaBLE Demo";
				XROS_DEPLOYMENT_TARGET = 2.1;
			};
			name = Release;
		};
/* End XCBuildConfiguration section */

/* Begin XCConfigurationList section */
		8B771A8F2CEC3B9A002F0E31 /* Build configuration list for PBXProject "ReliaBLE Demo" */ = {
			isa = XCConfigurationList;
			buildConfigurations = (
				8B771AB92CEC3B9C002F0E31 /* Debug */,
				8B771ABA2CEC3B9C002F0E31 /* Release */,
			);
			defaultConfigurationIsVisible = 0;
			defaultConfigurationName = Release;
		};
		8B771ABB2CEC3B9C002F0E31 /* Build configuration list for PBXNativeTarget "ReliaBLE Demo" */ = {
			isa = XCConfigurationList;
			buildConfigurations = (
				8B771ABC2CEC3B9C002F0E31 /* Debug */,
				8B771ABD2CEC3B9C002F0E31 /* Release */,
			);
			defaultConfigurationIsVisible = 0;
			defaultConfigurationName = Release;
		};
		8B771ABE2CEC3B9C002F0E31 /* Build configuration list for PBXNativeTarget "ReliaBLE DemoTests" */ = {
			isa = XCConfigurationList;
			buildConfigurations = (
				8B771ABF2CEC3B9C002F0E31 /* Debug */,
				8B771AC02CEC3B9C002F0E31 /* Release */,
			);
			defaultConfigurationIsVisible = 0;
			defaultConfigurationName = Release;
		};
		8B771AC12CEC3B9C002F0E31 /* Build configuration list for PBXNativeTarget "ReliaBLE DemoUITests" */ = {
			isa = XCConfigurationList;
			buildConfigurations = (
				8B771AC22CEC3B9C002F0E31 /* Debug */,
				8B771AC32CEC3B9C002F0E31 /* Release */,
			);
			defaultConfigurationIsVisible = 0;
			defaultConfigurationName = Release;
		};
/* End XCConfigurationList section */

/* Begin XCSwiftPackageProductDependency section */
		8B771AC52CEC3CC6002F0E31 /* ReliaBLE */ = {
			isa = XCSwiftPackageProductDependency;
			productName = ReliaBLE;
		};
		8B771ADD2CEC48E2002F0E31 /* ReliaBLE */ = {
			isa = XCSwiftPackageProductDependency;
			productName = ReliaBLE;
		};
/* End XCSwiftPackageProductDependency section */
	};
	rootObject = 8B771A8C2CEC3B9A002F0E31 /* Project object */;
}
