{
  "originHash" : "53a66b41b9d6fb3dd74aa6489373804c3995b488c51536a7681d6a00779be14a",
  "pins" : [
    {
      "identity" : "ios-corebluetooth-mock",
      "kind" : "remoteSourceControl",
      "location" : "https://github.com/NordicSemiconductor/IOS-CoreBluetooth-Mock.git",
      "state" : {
        "revision" : "d1e0321027728da6edf5b974cf113524bad2034a",
        "version" : "1.0.1"
      }
    },
    {
      "identity" : "swift-docc-plugin",
      "kind" : "remoteSourceControl",
      "location" : "https://github.com/apple/swift-docc-plugin",
      "state" : {
        "revision" : "85e4bb4e1cd62cec64a4b8e769dcefdf0c5b9d64",
        "version" : "1.4.3"
      }
    },
    {
      "identity" : "swift-docc-symbolkit",
      "kind" : "remoteSourceControl",
      "location" : "https://github.com/swiftlang/swift-docc-symbolkit",
      "state" : {
        "revision" : "b45d1f2ed151d057b54504d653e0da5552844e34",
        "version" : "1.0.0"
      }
    },
    {
      "identity" : "willow",
      "kind" : "remoteSourceControl",
      "location" : "https://github.com/itsniper/Willow",
      "state" : {
        "branch" : "main",
        "revision" : "8952bb792c9206caa3b69fcf7432d2b5280c3db5"
      }
    }
  ],
  "version" : 3
}
